// !$*UTF8*$!
{
	archiveVersion = 1;
	classes = {
	};
	objectVersion = 46;
	objects = {

/* Begin PBXBuildFile section */
		1FF1F9F01CF31F2F007DB26B /* JSONRequest.swift in Sources */ = {isa = PBXBuildFile; fileRef = 1FF1F9EF1CF31F2F007DB26B /* JSONRequest.swift */; };
		582834D21BC077E0000F113A /* AppDelegate.swift in Sources */ = {isa = PBXBuildFile; fileRef = 582834D11BC077E0000F113A /* AppDelegate.swift */; };
		582834D41BC077E0000F113A /* ViewController.swift in Sources */ = {isa = PBXBuildFile; fileRef = 582834D31BC077E0000F113A /* ViewController.swift */; };
		582834D71BC077E0000F113A /* Main.storyboard in Resources */ = {isa = PBXBuildFile; fileRef = 582834D51BC077E0000F113A /* Main.storyboard */; };
		582834D91BC077E0000F113A /* Assets.xcassets in Resources */ = {isa = PBXBuildFile; fileRef = 582834D81BC077E0000F113A /* Assets.xcassets */; };
		582834DC1BC077E0000F113A /* LaunchScreen.storyboard in Resources */ = {isa = PBXBuildFile; fileRef = 582834DA1BC077E0000F113A /* LaunchScreen.storyboard */; };
		582834E71BC077E0000F113A /* Session1Tests.swift in Sources */ = {isa = PBXBuildFile; fileRef = 582834E61BC077E0000F113A /* Session1Tests.swift */; };
		582834F21BC077E0000F113A /* Session1UITests.swift in Sources */ = {isa = PBXBuildFile; fileRef = 582834F11BC077E0000F113A /* Session1UITests.swift */; };
/* End PBXBuildFile section */

/* Begin PBXContainerItemProxy section */
		582834E31BC077E0000F113A /* PBXContainerItemProxy */ = {
			isa = PBXContainerItemProxy;
			containerPortal = 582834C61BC077E0000F113A /* Project object */;
			proxyType = 1;
			remoteGlobalIDString = 582834CD1BC077E0000F113A;
			remoteInfo = Session1;
		};
		582834EE1BC077E0000F113A /* PBXContainerItemProxy */ = {
			isa = PBXContainerItemProxy;
			containerPortal = 582834C61BC077E0000F113A /* Project object */;
			proxyType = 1;
			remoteGlobalIDString = 582834CD1BC077E0000F113A;
			remoteInfo = Session1;
		};
/* End PBXContainerItemProxy section */

/* Begin PBXFileReference section */
		1FF1F9EF1CF31F2F007DB26B /* JSONRequest.swift */ = {isa = PBXFileReference; fileEncoding = 4; lastKnownFileType = sourcecode.swift; path = JSONRequest.swift; sourceTree = "<group>"; };
		582834CE1BC077E0000F113A /* Session3.app */ = {isa = PBXFileReference; explicitFileType = wrapper.application; includeInIndex = 0; path = Session3.app; sourceTree = BUILT_PRODUCTS_DIR; };
		582834D11BC077E0000F113A /* AppDelegate.swift */ = {isa = PBXFileReference; lastKnownFileType = sourcecode.swift; path = AppDelegate.swift; sourceTree = "<group>"; };
		582834D31BC077E0000F113A /* ViewController.swift */ = {isa = PBXFileReference; lastKnownFileType = sourcecode.swift; path = ViewController.swift; sourceTree = "<group>"; };
		582834D61BC077E0000F113A /* Base */ = {isa = PBXFileReference; lastKnownFileType = file.storyboard; name = Base; path = Base.lproj/Main.storyboard; sourceTree = "<group>"; };
		582834D81BC077E0000F113A /* Assets.xcassets */ = {isa = PBXFileReference; lastKnownFileType = folder.assetcatalog; path = Assets.xcassets; sourceTree = "<group>"; };
		582834DB1BC077E0000F113A /* Base */ = {isa = PBXFileReference; lastKnownFileType = file.storyboard; name = Base; path = Base.lproj/LaunchScreen.storyboard; sourceTree = "<group>"; };
		582834DD1BC077E0000F113A /* Info.plist */ = {isa = PBXFileReference; lastKnownFileType = text.plist.xml; path = Info.plist; sourceTree = "<group>"; };
		582834E21BC077E0000F113A /* Session3.xctest */ = {isa = PBXFileReference; explicitFileType = wrapper.cfbundle; includeInIndex = 0; path = Session3.xctest; sourceTree = BUILT_PRODUCTS_DIR; };
		582834E61BC077E0000F113A /* Session1Tests.swift */ = {isa = PBXFileReference; lastKnownFileType = sourcecode.swift; path = Session1Tests.swift; sourceTree = "<group>"; };
		582834E81BC077E0000F113A /* Info.plist */ = {isa = PBXFileReference; lastKnownFileType = text.plist.xml; path = Info.plist; sourceTree = "<group>"; };
		582834ED1BC077E0000F113A /* Session3.xctest */ = {isa = PBXFileReference; explicitFileType = wrapper.cfbundle; includeInIndex = 0; path = Session3.xctest; sourceTree = BUILT_PRODUCTS_DIR; };
		582834F11BC077E0000F113A /* Session1UITests.swift */ = {isa = PBXFileReference; lastKnownFileType = sourcecode.swift; path = Session1UITests.swift; sourceTree = "<group>"; };
		582834F31BC077E0000F113A /* Info.plist */ = {isa = PBXFileReference; lastKnownFileType = text.plist.xml; path = Info.plist; sourceTree = "<group>"; };
/* End PBXFileReference section */

/* Begin PBXFrameworksBuildPhase section */
		582834CB1BC077E0000F113A /* Frameworks */ = {
			isa = PBXFrameworksBuildPhase;
			buildActionMask = 2147483647;
			files = (
			);
			runOnlyForDeploymentPostprocessing = 0;
		};
		582834DF1BC077E0000F113A /* Frameworks */ = {
			isa = PBXFrameworksBuildPhase;
			buildActionMask = 2147483647;
			files = (
			);
			runOnlyForDeploymentPostprocessing = 0;
		};
		582834EA1BC077E0000F113A /* Frameworks */ = {
			isa = PBXFrameworksBuildPhase;
			buildActionMask = 2147483647;
			files = (
			);
			runOnlyForDeploymentPostprocessing = 0;
		};
/* End PBXFrameworksBuildPhase section */

/* Begin PBXGroup section */
		582834C51BC077E0000F113A = {
			isa = PBXGroup;
			children = (
				582834D01BC077E0000F113A /* Session1 */,
				582834E51BC077E0000F113A /* Session1Tests */,
				582834F01BC077E0000F113A /* Session1UITests */,
				582834CF1BC077E0000F113A /* Products */,
			);
			sourceTree = "<group>";
		};
		582834CF1BC077E0000F113A /* Products */ = {
			isa = PBXGroup;
			children = (
				582834CE1BC077E0000F113A /* Session3.app */,
				582834E21BC077E0000F113A /* Session3.xctest */,
				582834ED1BC077E0000F113A /* Session3.xctest */,
			);
			name = Products;
			sourceTree = "<group>";
		};
		582834D01BC077E0000F113A /* Session1 */ = {
			isa = PBXGroup;
			children = (
				582834D11BC077E0000F113A /* AppDelegate.swift */,
				582834D31BC077E0000F113A /* ViewController.swift */,
				1FF1F9EF1CF31F2F007DB26B /* JSONRequest.swift */,
				582834D51BC077E0000F113A /* Main.storyboard */,
				582834D81BC077E0000F113A /* Assets.xcassets */,
				582834DA1BC077E0000F113A /* LaunchScreen.storyboard */,
				582834DD1BC077E0000F113A /* Info.plist */,
			);
			path = Session1;
			sourceTree = "<group>";
		};
		582834E51BC077E0000F113A /* Session1Tests */ = {
			isa = PBXGroup;
			children = (
				582834E61BC077E0000F113A /* Session1Tests.swift */,
				582834E81BC077E0000F113A /* Info.plist */,
			);
			path = Session1Tests;
			sourceTree = "<group>";
		};
		582834F01BC077E0000F113A /* Session1UITests */ = {
			isa = PBXGroup;
			children = (
				582834F11BC077E0000F113A /* Session1UITests.swift */,
				582834F31BC077E0000F113A /* Info.plist */,
			);
			path = Session1UITests;
			sourceTree = "<group>";
		};
/* End PBXGroup section */

/* Begin PBXNativeTarget section */
		582834CD1BC077E0000F113A /* Session3 */ = {
			isa = PBXNativeTarget;
			buildConfigurationList = 582834F61BC077E0000F113A /* Build configuration list for PBXNativeTarget "Session3" */;
			buildPhases = (
				582834CA1BC077E0000F113A /* Sources */,
				582834CB1BC077E0000F113A /* Frameworks */,
				582834CC1BC077E0000F113A /* Resources */,
			);
			buildRules = (
			);
			dependencies = (
			);
			name = Session3;
			productName = Session1;
			productReference = 582834CE1BC077E0000F113A /* Session3.app */;
			productType = "com.apple.product-type.application";
		};
		582834E11BC077E0000F113A /* Session3Tests */ = {
			isa = PBXNativeTarget;
			buildConfigurationList = 582834F91BC077E0000F113A /* Build configuration list for PBXNativeTarget "Session3Tests" */;
			buildPhases = (
				582834DE1BC077E0000F113A /* Sources */,
				582834DF1BC077E0000F113A /* Frameworks */,
				582834E01BC077E0000F113A /* Resources */,
			);
			buildRules = (
			);
			dependencies = (
				582834E41BC077E0000F113A /* PBXTargetDependency */,
			);
			name = Session3Tests;
			productName = Session1Tests;
			productReference = 582834E21BC077E0000F113A /* Session3.xctest */;
			productType = "com.apple.product-type.bundle.unit-test";
		};
		582834EC1BC077E0000F113A /* Session3UITests */ = {
			isa = PBXNativeTarget;
			buildConfigurationList = 582834FC1BC077E0000F113A /* Build configuration list for PBXNativeTarget "Session3UITests" */;
			buildPhases = (
				582834E91BC077E0000F113A /* Sources */,
				582834EA1BC077E0000F113A /* Frameworks */,
				582834EB1BC077E0000F113A /* Resources */,
			);
			buildRules = (
			);
			dependencies = (
				582834EF1BC077E0000F113A /* PBXTargetDependency */,
			);
			name = Session3UITests;
			productName = Session1UITests;
			productReference = 582834ED1BC077E0000F113A /* Session3.xctest */;
			productType = "com.apple.product-type.bundle.ui-testing";
		};
/* End PBXNativeTarget section */

/* Begin PBXProject section */
		582834C61BC077E0000F113A /* Project object */ = {
			isa = PBXProject;
			attributes = {
				LastUpgradeCheck = 0700;
				ORGANIZATIONNAME = Ihor;
				TargetAttributes = {
					582834CD1BC077E0000F113A = {
						CreatedOnToolsVersion = 7.0.1;
					};
					582834E11BC077E0000F113A = {
						CreatedOnToolsVersion = 7.0.1;
						TestTargetID = 582834CD1BC077E0000F113A;
					};
					582834EC1BC077E0000F113A = {
						CreatedOnToolsVersion = 7.0.1;
						TestTargetID = 582834CD1BC077E0000F113A;
					};
				};
			};
			buildConfigurationList = 582834C91BC077E0000F113A /* Build configuration list for PBXProject "Session3" */;
			compatibilityVersion = "Xcode 3.2";
			developmentRegion = English;
			hasScannedForEncodings = 0;
			knownRegions = (
				en,
				Base,
			);
			mainGroup = 582834C51BC077E0000F113A;
			productRefGroup = 582834CF1BC077E0000F113A /* Products */;
			projectDirPath = "";
			projectRoot = "";
			targets = (
				582834CD1BC077E0000F113A /* Session3 */,
				582834E11BC077E0000F113A /* Session3Tests */,
				582834EC1BC077E0000F113A /* Session3UITests */,
			);
		};
/* End PBXProject section */

/* Begin PBXResourcesBuildPhase section */
		582834CC1BC077E0000F113A /* Resources */ = {
			isa = PBXResourcesBuildPhase;
			buildActionMask = 2147483647;
			files = (
				582834DC1BC077E0000F113A /* LaunchScreen.storyboard in Resources */,
				582834D91BC077E0000F113A /* Assets.xcassets in Resources */,
				582834D71BC077E0000F113A /* Main.storyboard in Resources */,
			);
			runOnlyForDeploymentPostprocessing = 0;
		};
		582834E01BC077E0000F113A /* Resources */ = {
			isa = PBXResourcesBuildPhase;
			buildActionMask = 2147483647;
			files = (
			);
			runOnlyForDeploymentPostprocessing = 0;
		};
		582834EB1BC077E0000F113A /* Resources */ = {
			isa = PBXResourcesBuildPhase;
			buildActionMask = 2147483647;
			files = (
			);
			runOnlyForDeploymentPostprocessing = 0;
		};
/* End PBXResourcesBuildPhase section */

/* Begin PBXSourcesBuildPhase section */
		582834CA1BC077E0000F113A /* Sources */ = {
			isa = PBXSourcesBuildPhase;
			buildActionMask = 2147483647;
			files = (
				582834D41BC077E0000F113A /* ViewController.swift in Sources */,
				582834D21BC077E0000F113A /* AppDelegate.swift in Sources */,
				1FF1F9F01CF31F2F007DB26B /* JSONRequest.swift in Sources */,
			);
			runOnlyForDeploymentPostprocessing = 0;
		};
		582834DE1BC077E0000F113A /* Sources */ = {
			isa = PBXSourcesBuildPhase;
			buildActionMask = 2147483647;
			files = (
				582834E71BC077E0000F113A /* Session1Tests.swift in Sources */,
			);
			runOnlyForDeploymentPostprocessing = 0;
		};
		582834E91BC077E0000F113A /* Sources */ = {
			isa = PBXSourcesBuildPhase;
			buildActionMask = 2147483647;
			files = (
				582834F21BC077E0000F113A /* Session1UITests.swift in Sources */,
			);
			runOnlyForDeploymentPostprocessing = 0;
		};
/* End PBXSourcesBuildPhase section */

/* Begin PBXTargetDependency section */
		582834E41BC077E0000F113A /* PBXTargetDependency */ = {
			isa = PBXTargetDependency;
			target = 582834CD1BC077E0000F113A /* Session3 */;
			targetProxy = 582834E31BC077E0000F113A /* PBXContainerItemProxy */;
		};
		582834EF1BC077E0000F113A /* PBXTargetDependency */ = {
			isa = PBXTargetDependency;
			target = 582834CD1BC077E0000F113A /* Session3 */;
			targetProxy = 582834EE1BC077E0000F113A /* PBXContainerItemProxy */;
		};
/* End PBXTargetDependency section */

/* Begin PBXVariantGroup section */
		582834D51BC077E0000F113A /* Main.storyboard */ = {
			isa = PBXVariantGroup;
			children = (
				582834D61BC077E0000F113A /* Base */,
			);
			name = Main.storyboard;
			sourceTree = "<group>";
		};
		582834DA1BC077E0000F113A /* LaunchScreen.storyboard */ = {
			isa = PBXVariantGroup;
			children = (
				582834DB1BC077E0000F113A /* Base */,
			);
			name = LaunchScreen.storyboard;
			sourceTree = "<group>";
		};
/* End PBXVariantGroup section */

/* Begin XCBuildConfiguration section */
		582834F41BC077E0000F113A /* Debug */ = {
			isa = XCBuildConfiguration;
			buildSettings = {
				ALWAYS_SEARCH_USER_PATHS = NO;
				CLANG_CXX_LANGUAGE_STANDARD = "gnu++0x";
				CLANG_CXX_LIBRARY = "libc++";
				CLANG_ENABLE_MODULES = YES;
				CLANG_ENABLE_OBJC_ARC = YES;
				CLANG_WARN_BOOL_CONVERSION = YES;
				CLANG_WARN_CONSTANT_CONVERSION = YES;
				CLANG_WARN_DIRECT_OBJC_ISA_USAGE = YES_ERROR;
				CLANG_WARN_EMPTY_BODY = YES;
				CLANG_WARN_ENUM_CONVERSION = YES;
				CLANG_WARN_INT_CONVERSION = YES;
				CLANG_WARN_OBJC_ROOT_CLASS = YES_ERROR;
				CLANG_WARN_UNREACHABLE_CODE = YES;
				CLANG_WARN__DUPLICATE_METHOD_MATCH = YES;
				"CODE_SIGN_IDENTITY[sdk=iphoneos*]" = "iPhone Developer";
				COPY_PHASE_STRIP = NO;
				DEBUG_INFORMATION_FORMAT = dwarf;
				ENABLE_STRICT_OBJC_MSGSEND = YES;
				ENABLE_TESTABILITY = YES;
				GCC_C_LANGUAGE_STANDARD = gnu99;
				GCC_DYNAMIC_NO_PIC = NO;
				GCC_NO_COMMON_BLOCKS = YES;
				GCC_OPTIMIZATION_LEVEL = 0;
				GCC_PREPROCESSOR_DEFINITIONS = (
					"DEBUG=1",
					"$(inherited)",
				);
				GCC_WARN_64_TO_32_BIT_CONVERSION = YES;
				GCC_WARN_ABOUT_RETURN_TYPE = YES_ERROR;
				GCC_WARN_UNDECLARED_SELECTOR = YES;
				GCC_WARN_UNINITIALIZED_AUTOS = YES_AGGRESSIVE;
				GCC_WARN_UNUSED_FUNCTION = YES;
				GCC_WARN_UNUSED_VARIABLE = YES;
				IPHONEOS_DEPLOYMENT_TARGET = 9.0;
				MTL_ENABLE_DEBUG_INFO = YES;
				ONLY_ACTIVE_ARCH = YES;
				SDKROOT = iphoneos;
				SWIFT_OPTIMIZATION_LEVEL = "-Onone";
			};
			name = Debug;
		};
		582834F51BC077E0000F113A /* Release */ = {
			isa = XCBuildConfiguration;
			buildSettings = {
				ALWAYS_SEARCH_USER_PATHS = NO;
				CLANG_CXX_LANGUAGE_STANDARD = "gnu++0x";
				CLANG_CXX_LIBRARY = "libc++";
				CLANG_ENABLE_MODULES = YES;
				CLANG_ENABLE_OBJC_ARC = YES;
				CLANG_WARN_BOOL_CONVERSION = YES;
				CLANG_WARN_CONSTANT_CONVERSION = YES;
				CLANG_WARN_DIRECT_OBJC_ISA_USAGE = YES_ERROR;
				CLANG_WARN_EMPTY_BODY = YES;
				CLANG_WARN_ENUM_CONVERSION = YES;
				CLANG_WARN_INT_CONVERSION = YES;
				CLANG_WARN_OBJC_ROOT_CLASS = YES_ERROR;
				CLANG_WARN_UNREACHABLE_CODE = YES;
				CLANG_WARN__DUPLICATE_METHOD_MATCH = YES;
				"CODE_SIGN_IDENTITY[sdk=iphoneos*]" = "iPhone Developer";
				COPY_PHASE_STRIP = NO;
				DEBUG_INFORMATION_FORMAT = "dwarf-with-dsym";
				ENABLE_NS_ASSERTIONS = NO;
				ENABLE_STRICT_OBJC_MSGSEND = YES;
				GCC_C_LANGUAGE_STANDARD = gnu99;
				GCC_NO_COMMON_BLOCKS = YES;
				GCC_WARN_64_TO_32_BIT_CONVERSION = YES;
				GCC_WARN_ABOUT_RETURN_TYPE = YES_ERROR;
				GCC_WARN_UNDECLARED_SELECTOR = YES;
				GCC_WARN_UNINITIALIZED_AUTOS = YES_AGGRESSIVE;
				GCC_WARN_UNUSED_FUNCTION = YES;
				GCC_WARN_UNUSED_VARIABLE = YES;
				IPHONEOS_DEPLOYMENT_TARGET = 9.0;
				MTL_ENABLE_DEBUG_INFO = NO;
				SDKROOT = iphoneos;
				VALIDATE_PRODUCT = YES;
			};
			name = Release;
		};
		582834F71BC077E0000F113A /* Debug */ = {
			isa = XCBuildConfiguration;
			buildSettings = {
				ASSETCATALOG_COMPILER_APPICON_NAME = AppIcon;
				INFOPLIST_FILE = Session1/Info.plist;
				LD_RUNPATH_SEARCH_PATHS = "$(inherited) @executable_path/Frameworks";
				PRODUCT_BUNDLE_IDENTIFIER = IKH.Session1;
				PRODUCT_NAME = Session3;
			};
			name = Debug;
		};
		582834F81BC077E0000F113A /* Release */ = {
			isa = XCBuildConfiguration;
			buildSettings = {
				ASSETCATALOG_COMPILER_APPICON_NAME = AppIcon;
				INFOPLIST_FILE = Session1/Info.plist;
				LD_RUNPATH_SEARCH_PATHS = "$(inherited) @executable_path/Frameworks";
				PRODUCT_BUNDLE_IDENTIFIER = IKH.Session1;
				PRODUCT_NAME = Session3;
			};
			name = Release;
		};
		582834FA1BC077E0000F113A /* Debug */ = {
			isa = XCBuildConfiguration;
			buildSettings = {
				BUNDLE_LOADER = "$(TEST_HOST)";
				INFOPLIST_FILE = Session1Tests/Info.plist;
				LD_RUNPATH_SEARCH_PATHS = "$(inherited) @executable_path/Frameworks @loader_path/Frameworks";
				PRODUCT_BUNDLE_IDENTIFIER = IKH.Session1Tests;
				PRODUCT_NAME = Session3;
				TEST_HOST = "$(BUILT_PRODUCTS_DIR)/Session3.app/Session3";
			};
			name = Debug;
		};
		582834FB1BC077E0000F113A /* Release */ = {
			isa = XCBuildConfiguration;
			buildSettings = {
				BUNDLE_LOADER = "$(TEST_HOST)";
				INFOPLIST_FILE = Session1Tests/Info.plist;
				LD_RUNPATH_SEARCH_PATHS = "$(inherited) @executable_path/Frameworks @loader_path/Frameworks";
				PRODUCT_BUNDLE_IDENTIFIER = IKH.Session1Tests;
				PRODUCT_NAME = Session3;
				TEST_HOST = "$(BUILT_PRODUCTS_DIR)/Session3.app/Session3";
			};
			name = Release;
		};
		582834FD1BC077E0000F113A /* Debug */ = {
			isa = XCBuildConfiguration;
			buildSettings = {
				INFOPLIST_FILE = Session1UITests/Info.plist;
				LD_RUNPATH_SEARCH_PATHS = "$(inherited) @executable_path/Frameworks @loader_path/Frameworks";
				PRODUCT_BUNDLE_IDENTIFIER = IKH.Session1UITests;
				PRODUCT_NAME = Session3;
				TEST_TARGET_NAME = Session1;
				USES_XCTRUNNER = YES;
			};
			name = Debug;
		};
		582834FE1BC077E0000F113A /* Release */ = {
			isa = XCBuildConfiguration;
			buildSettings = {
				INFOPLIST_FILE = Session1UITests/Info.plist;
				LD_RUNPATH_SEARCH_PATHS = "$(inherited) @executable_path/Frameworks @loader_path/Frameworks";
				PRODUCT_BUNDLE_IDENTIFIER = IKH.Session1UITests;
				PRODUCT_NAME = Session3;
				TEST_TARGET_NAME = Session1;
				USES_XCTRUNNER = YES;
			};
			name = Release;
		};
/* End XCBuildConfiguration section */

/* Begin XCConfigurationList section */
		582834C91BC077E0000F113A /* Build configuration list for PBXProject "Session3" */ = {
			isa = XCConfigurationList;
			buildConfigurations = (
				582834F41BC077E0000F113A /* Debug */,
				582834F51BC077E0000F113A /* Release */,
			);
			defaultConfigurationIsVisible = 0;
			defaultConfigurationName = Release;
		};
		582834F61BC077E0000F113A /* Build configuration list for PBXNativeTarget "Session3" */ = {
			isa = XCConfigurationList;
			buildConfigurations = (
				582834F71BC077E0000F113A /* Debug */,
				582834F81BC077E0000F113A /* Release */,
			);
			defaultConfigurationIsVisible = 0;
			defaultConfigurationName = Release;
		};
		582834F91BC077E0000F113A /* Build configuration list for PBXNativeTarget "Session3Tests" */ = {
			isa = XCConfigurationList;
			buildConfigurations = (
				582834FA1BC077E0000F113A /* Debug */,
				582834FB1BC077E0000F113A /* Release */,
			);
			defaultConfigurationIsVisible = 0;
			defaultConfigurationName = Release;
		};
		582834FC1BC077E0000F113A /* Build configuration list for PBXNativeTarget "Session3UITests" */ = {
			isa = XCConfigurationList;
			buildConfigurations = (
				582834FD1BC077E0000F113A /* Debug */,
				582834FE1BC077E0000F113A /* Release */,
			);
			defaultConfigurationIsVisible = 0;
			defaultConfigurationName = Release;
		};
/* End XCConfigurationList section */
	};
	rootObject = 582834C61BC077E0000F113A /* Project object */;
}
